
Microsoft Visual Studio Solution File, Format Version 12.00
# Visual Studio Version 17
VisualStudioVersion = 17.7.34003.232
MinimumVisualStudioVersion = 10.0.40219.1
Project("{FAE04EC0-301F-11D3-BF4B-00C04F79EFBC}") = "RM", "RM\RM.csproj", "{01116F84-34FE-475D-8B56-882E25BCE67F}"
EndProject
Global
	GlobalSection(SolutionConfigurationPlatforms) = preSolution
		Debug|Any CPU = Debug|Any CPU
		Release|Any CPU = Release|Any CPU
	EndGlobalSection
	GlobalSection(ProjectConfigurationPlatforms) = postSolution
		{01116F84-34FE-475D-8B56-882E25BCE67F}.Debug|Any CPU.ActiveCfg = Debug|Any CPU
		{01116F84-34FE-475D-8B56-882E25BCE67F}.Debug|Any CPU.Build.0 = Debug|Any CPU
		{01116F84-34FE-475D-8B56-882E25BCE67F}.Release|Any CPU.ActiveCfg = Release|Any CPU
		{01116F84-34FE-475D-8B56-882E25BCE67F}.Release|Any CPU.Build.0 = Release|Any CPU
	EndGlobalSection
	GlobalSection(SolutionProperties) = preSolution
		HideSolutionNode = FALSE
	EndGlobalSection
	GlobalSection(ExtensibilityGlobals) = postSolution
		SolutionGuid = {A6FFADC4-1DC9-46E2-BA31-202219676F13}
	EndGlobalSection
EndGlobal
